
Microsoft Visual Studio Solution File, Format Version 12.00
# Visual Studio Version 16
VisualStudioVersion = 16.0.32413.511
MinimumVisualStudioVersion = 10.0.40219.1
Project("{FAE04EC0-301F-11D3-BF4B-00C04F79EFBC}") = "Lab1.1", "Lab1.1\Lab1.1.csproj", "{635F52CF-569C-4B4B-BBB4-3148DA1120B5}"
EndProject
Global
	GlobalSection(SolutionConfigurationPlatforms) = preSolution
		Debug|Any CPU = Debug|Any CPU
		Release|Any CPU = Release|Any CPU
	EndGlobalSection
	GlobalSection(ProjectConfigurationPlatforms) = postSolution
		{635F52CF-569C-4B4B-BBB4-3148DA1120B5}.Debug|Any CPU.ActiveCfg = Debug|Any CPU
		{635F52CF-569C-4B4B-BBB4-3148DA1120B5}.Debug|Any CPU.Build.0 = Debug|Any CPU
		{635F52CF-569C-4B4B-BBB4-3148DA1120B5}.Release|Any CPU.ActiveCfg = Release|Any CPU
		{635F52CF-569C-4B4B-BBB4-3148DA1120B5}.Release|Any CPU.Build.0 = Release|Any CPU
	EndGlobalSection
	GlobalSection(SolutionProperties) = preSolution
		HideSolutionNode = FALSE
	EndGlobalSection
	GlobalSection(ExtensibilityGlobals) = postSolution
		SolutionGuid = {9A5FAED6-6C34-45DD-802E-E66F54B4C5D5}
	EndGlobalSection
EndGlobal
